
Microsoft Visual Studio Solution File, Format Version 12.00
# Visual Studio Version 16
VisualStudioVersion = 16.0.32228.343
MinimumVisualStudioVersion = 10.0.40219.1
Project("{FAE04EC0-301F-11D3-BF4B-00C04F79EFBC}") = "CodingTest", "CodingTest\CodingTest.csproj", "{3C8FDF91-20C6-46BF-9F3C-FA168D38B851}"
EndProject
Project("{FAE04EC0-301F-11D3-BF4B-00C04F79EFBC}") = "MSTestProject", "MSTestProject\MSTestProject.csproj", "{912A9519-E3E6-4064-9D1A-2BBCD0905EDB}"
	ProjectSection(ProjectDependencies) = postProject
		{3C8FDF91-20C6-46BF-9F3C-FA168D38B851} = {3C8FDF91-20C6-46BF-9F3C-FA168D38B851}
	EndProjectSection
EndProject
Global
	GlobalSection(SolutionConfigurationPlatforms) = preSolution
		Debug|Any CPU = Debug|Any CPU
		Release|Any CPU = Release|Any CPU
	EndGlobalSection
	GlobalSection(ProjectConfigurationPlatforms) = postSolution
		{3C8FDF91-20C6-46BF-9F3C-FA168D38B851}.Debug|Any CPU.ActiveCfg = Debug|Any CPU
		{3C8FDF91-20C6-46BF-9F3C-FA168D38B851}.Debug|Any CPU.Build.0 = Debug|Any CPU
		{3C8FDF91-20C6-46BF-9F3C-FA168D38B851}.Release|Any CPU.ActiveCfg = Release|Any CPU
		{3C8FDF91-20C6-46BF-9F3C-FA168D38B851}.Release|Any CPU.Build.0 = Release|Any CPU
		{912A9519-E3E6-4064-9D1A-2BBCD0905EDB}.Debug|Any CPU.ActiveCfg = Debug|Any CPU
		{912A9519-E3E6-4064-9D1A-2BBCD0905EDB}.Debug|Any CPU.Build.0 = Debug|Any CPU
		{912A9519-E3E6-4064-9D1A-2BBCD0905EDB}.Release|Any CPU.ActiveCfg = Release|Any CPU
		{912A9519-E3E6-4064-9D1A-2BBCD0905EDB}.Release|Any CPU.Build.0 = Release|Any CPU
	EndGlobalSection
	GlobalSection(SolutionProperties) = preSolution
		HideSolutionNode = FALSE
	EndGlobalSection
	GlobalSection(ExtensibilityGlobals) = postSolution
		SolutionGuid = {F339583A-7249-434A-820A-20381A987985}
	EndGlobalSection
EndGlobal
